
Microsoft Visual Studio Solution File, Format Version 12.00
# Visual Studio Version 17
VisualStudioVersion = 17.6.33723.286
MinimumVisualStudioVersion = 10.0.40219.1
Project("{FAE04EC0-301F-11D3-BF4B-00C04F79EFBC}") = "PrimeiroApp.Android", "PrimeiroApp\PrimeiroApp.Android\PrimeiroApp.Android.csproj", "{C5B7B863-A8CF-423E-9709-2D5BB92931A0}"
EndProject
Project("{FAE04EC0-301F-11D3-BF4B-00C04F79EFBC}") = "PrimeiroApp.iOS", "PrimeiroApp\PrimeiroApp.iOS\PrimeiroApp.iOS.csproj", "{228D84D9-E4BC-49CF-9E93-4F9862F61AA6}"
EndProject
Project("{FAE04EC0-301F-11D3-BF4B-00C04F79EFBC}") = "PrimeiroApp", "PrimeiroApp\PrimeiroApp\PrimeiroApp.csproj", "{205659D6-54BF-4752-8A04-4ADCFD85E4CE}"
EndProject
Global
	GlobalSection(SolutionConfigurationPlatforms) = preSolution
		Debug|Any CPU = Debug|Any CPU
		Debug|iPhone = Debug|iPhone
		Debug|iPhoneSimulator = Debug|iPhoneSimulator
		Release|Any CPU = Release|Any CPU
		Release|iPhone = Release|iPhone
		Release|iPhoneSimulator = Release|iPhoneSimulator
	EndGlobalSection
	GlobalSection(ProjectConfigurationPlatforms) = postSolution
		{C5B7B863-A8CF-423E-9709-2D5BB92931A0}.Debug|Any CPU.ActiveCfg = Debug|Any CPU
		{C5B7B863-A8CF-423E-9709-2D5BB92931A0}.Debug|Any CPU.Build.0 = Debug|Any CPU
		{C5B7B863-A8CF-423E-9709-2D5BB92931A0}.Debug|Any CPU.Deploy.0 = Debug|Any CPU
		{C5B7B863-A8CF-423E-9709-2D5BB92931A0}.Debug|iPhone.ActiveCfg = Debug|Any CPU
		{C5B7B863-A8CF-423E-9709-2D5BB92931A0}.Debug|iPhone.Build.0 = Debug|Any CPU
		{C5B7B863-A8CF-423E-9709-2D5BB92931A0}.Debug|iPhone.Deploy.0 = Debug|Any CPU
		{C5B7B863-A8CF-423E-9709-2D5BB92931A0}.Debug|iPhoneSimulator.ActiveCfg = Debug|Any CPU
		{C5B7B863-A8CF-423E-9709-2D5BB92931A0}.Debug|iPhoneSimulator.Build.0 = Debug|Any CPU
		{C5B7B863-A8CF-423E-9709-2D5BB92931A0}.Debug|iPhoneSimulator.Deploy.0 = Debug|Any CPU
		{C5B7B863-A8CF-423E-9709-2D5BB92931A0}.Release|Any CPU.ActiveCfg = Release|Any CPU
		{C5B7B863-A8CF-423E-9709-2D5BB92931A0}.Release|Any CPU.Build.0 = Release|Any CPU
		{C5B7B863-A8CF-423E-9709-2D5BB92931A0}.Release|Any CPU.Deploy.0 = Release|Any CPU
		{C5B7B863-A8CF-423E-9709-2D5BB92931A0}.Release|iPhone.ActiveCfg = Release|Any CPU
		{C5B7B863-A8CF-423E-9709-2D5BB92931A0}.Release|iPhone.Build.0 = Release|Any CPU
		{C5B7B863-A8CF-423E-9709-2D5BB92931A0}.Release|iPhone.Deploy.0 = Release|Any CPU
		{C5B7B863-A8CF-423E-9709-2D5BB92931A0}.Release|iPhoneSimulator.ActiveCfg = Release|Any CPU
		{C5B7B863-A8CF-423E-9709-2D5BB92931A0}.Release|iPhoneSimulator.Build.0 = Release|Any CPU
		{C5B7B863-A8CF-423E-9709-2D5BB92931A0}.Release|iPhoneSimulator.Deploy.0 = Release|Any CPU
		{228D84D9-E4BC-49CF-9E93-4F9862F61AA6}.Debug|Any CPU.ActiveCfg = Debug|iPhone
		{228D84D9-E4BC-49CF-9E93-4F9862F61AA6}.Debug|Any CPU.Build.0 = Debug|iPhone
		{228D84D9-E4BC-49CF-9E93-4F9862F61AA6}.Debug|Any CPU.Deploy.0 = Debug|iPhone
		{228D84D9-E4BC-49CF-9E93-4F9862F61AA6}.Debug|iPhone.ActiveCfg = Debug|iPhone
		{228D84D9-E4BC-49CF-9E93-4F9862F61AA6}.Debug|iPhone.Build.0 = Debug|iPhone
		{228D84D9-E4BC-49CF-9E93-4F9862F61AA6}.Debug|iPhone.Deploy.0 = Debug|iPhone
		{228D84D9-E4BC-49CF-9E93-4F9862F61AA6}.Debug|iPhoneSimulator.ActiveCfg = Debug|iPhoneSimulator
		{228D84D9-E4BC-49CF-9E93-4F9862F61AA6}.Debug|iPhoneSimulator.Build.0 = Debug|iPhoneSimulator
		{228D84D9-E4BC-49CF-9E93-4F9862F61AA6}.Debug|iPhoneSimulator.Deploy.0 = Debug|iPhoneSimulator
		{228D84D9-E4BC-49CF-9E93-4F9862F61AA6}.Release|Any CPU.ActiveCfg = Release|iPhoneSimulator
		{228D84D9-E4BC-49CF-9E93-4F9862F61AA6}.Release|Any CPU.Build.0 = Release|iPhoneSimulator
		{228D84D9-E4BC-49CF-9E93-4F9862F61AA6}.Release|Any CPU.Deploy.0 = Release|iPhoneSimulator
		{228D84D9-E4BC-49CF-9E93-4F9862F61AA6}.Release|iPhone.ActiveCfg = Release|iPhone
		{228D84D9-E4BC-49CF-9E93-4F9862F61AA6}.Release|iPhone.Build.0 = Release|iPhone
		{228D84D9-E4BC-49CF-9E93-4F9862F61AA6}.Release|iPhone.Deploy.0 = Release|iPhone
		{228D84D9-E4BC-49CF-9E93-4F9862F61AA6}.Release|iPhoneSimulator.ActiveCfg = Release|iPhoneSimulator
		{228D84D9-E4BC-49CF-9E93-4F9862F61AA6}.Release|iPhoneSimulator.Build.0 = Release|iPhoneSimulator
		{228D84D9-E4BC-49CF-9E93-4F9862F61AA6}.Release|iPhoneSimulator.Deploy.0 = Release|iPhoneSimulator
		{205659D6-54BF-4752-8A04-4ADCFD85E4CE}.Debug|Any CPU.ActiveCfg = Debug|Any CPU
		{205659D6-54BF-4752-8A04-4ADCFD85E4CE}.Debug|Any CPU.Build.0 = Debug|Any CPU
		{205659D6-54BF-4752-8A04-4ADCFD85E4CE}.Debug|Any CPU.Deploy.0 = Debug|Any CPU
		{205659D6-54BF-4752-8A04-4ADCFD85E4CE}.Debug|iPhone.ActiveCfg = Debug|Any CPU
		{205659D6-54BF-4752-8A04-4ADCFD85E4CE}.Debug|iPhone.Build.0 = Debug|Any CPU
		{205659D6-54BF-4752-8A04-4ADCFD85E4CE}.Debug|iPhone.Deploy.0 = Debug|Any CPU
		{205659D6-54BF-4752-8A04-4ADCFD85E4CE}.Debug|iPhoneSimulator.ActiveCfg = Debug|Any CPU
		{205659D6-54BF-4752-8A04-4ADCFD85E4CE}.Debug|iPhoneSimulator.Build.0 = Debug|Any CPU
		{205659D6-54BF-4752-8A04-4ADCFD85E4CE}.Debug|iPhoneSimulator.Deploy.0 = Debug|Any CPU
		{205659D6-54BF-4752-8A04-4ADCFD85E4CE}.Release|Any CPU.ActiveCfg = Release|Any CPU
		{205659D6-54BF-4752-8A04-4ADCFD85E4CE}.Release|Any CPU.Build.0 = Release|Any CPU
		{205659D6-54BF-4752-8A04-4ADCFD85E4CE}.Release|Any CPU.Deploy.0 = Release|Any CPU
		{205659D6-54BF-4752-8A04-4ADCFD85E4CE}.Release|iPhone.ActiveCfg = Release|Any CPU
		{205659D6-54BF-4752-8A04-4ADCFD85E4CE}.Release|iPhone.Build.0 = Release|Any CPU
		{205659D6-54BF-4752-8A04-4ADCFD85E4CE}.Release|iPhone.Deploy.0 = Release|Any CPU
		{205659D6-54BF-4752-8A04-4ADCFD85E4CE}.Release|iPhoneSimulator.ActiveCfg = Release|Any CPU
		{205659D6-54BF-4752-8A04-4ADCFD85E4CE}.Release|iPhoneSimulator.Build.0 = Release|Any CPU
		{205659D6-54BF-4752-8A04-4ADCFD85E4CE}.Release|iPhoneSimulator.Deploy.0 = Release|Any CPU
	EndGlobalSection
	GlobalSection(SolutionProperties) = preSolution
		HideSolutionNode = FALSE
	EndGlobalSection
	GlobalSection(ExtensibilityGlobals) = postSolution
		SolutionGuid = {CFB5265E-0ACD-4D18-80A1-511D41EA24AC}
	EndGlobalSection
EndGlobal
